# This file was autogenerated by uv via the following command:
#    uv pip compile requirements.txt --universal --python-version 3.12 -o requirements.lock
-e ../thehub-pr/packages/prii_export_utils
    # via -r requirements.txt
-e ../thehub-pr/packages/prii_maintenance
    # via -r requirements.txt
attrs==26.1.0
    # via
    #   jsonschema
    #   referencing
colorama==0.4.6 ; sys_platform == 'win32'
    # via pytest
et-xmlfile==2.0.0
    # via openpyxl
iniconfig==2.3.0
    # via pytest
jsonschema==4.26.0
    # via -r requirements.txt
jsonschema-specifications==2025.9.1
    # via jsonschema
openpyxl==3.1.5
    # via -r requirements.txt
packaging==26.2
    # via pytest
pillow==12.3.0
    # via
    #   -r requirements.txt
    #   pillow-heif
pillow-heif==1.5.0 ; sys_platform != 'win32'
    # via -r requirements.txt
pluggy==1.6.0
    # via pytest
pygments==2.20.0
    # via pytest
pymupdf==1.28.0
    # via -r requirements.txt
pytest==9.1.1
    # via -r requirements.txt
referencing==0.37.0
    # via
    #   jsonschema
    #   jsonschema-specifications
rpds-py==2026.6.3
    # via
    #   jsonschema
    #   referencing
typing-extensions==4.16.0 ; python_full_version < '3.13'
    # via referencing
